
Microsoft Visual Studio Solution File, Format Version 12.00
# Visual Studio Version 16
VisualStudioVersion = 16.0.29424.173
MinimumVisualStudioVersion = 10.0.40219.1
Project("{9A19103F-16F7-4668-BE54-9A1E7A4F7556}") = "ExtSort.Generator", "ExtSort.Generator\ExtSort.Generator.csproj", "{1D85810A-6471-487A-BD7E-931920BC176E}"
EndProject
Project("{9A19103F-16F7-4668-BE54-9A1E7A4F7556}") = "ExtSort.Common", "ExtSort.Common\ExtSort.Common.csproj", "{55C4033A-9620-401B-A80D-6F727885B72C}"
EndProject
Project("{FAE04EC0-301F-11D3-BF4B-00C04F79EFBC}") = "ExtSort.Sorter", "ExtSort.Sorter\ExtSort.Sorter.csproj", "{4475B9A1-33AD-44E1-8CB4-447105E09E14}"
EndProject
Global
	GlobalSection(SolutionConfigurationPlatforms) = preSolution
		Debug|Any CPU = Debug|Any CPU
		Release|Any CPU = Release|Any CPU
	EndGlobalSection
	GlobalSection(ProjectConfigurationPlatforms) = postSolution
		{1D85810A-6471-487A-BD7E-931920BC176E}.Debug|Any CPU.ActiveCfg = Debug|Any CPU
		{1D85810A-6471-487A-BD7E-931920BC176E}.Debug|Any CPU.Build.0 = Debug|Any CPU
		{1D85810A-6471-487A-BD7E-931920BC176E}.Release|Any CPU.ActiveCfg = Release|Any CPU
		{1D85810A-6471-487A-BD7E-931920BC176E}.Release|Any CPU.Build.0 = Release|Any CPU
		{55C4033A-9620-401B-A80D-6F727885B72C}.Debug|Any CPU.ActiveCfg = Debug|Any CPU
		{55C4033A-9620-401B-A80D-6F727885B72C}.Debug|Any CPU.Build.0 = Debug|Any CPU
		{55C4033A-9620-401B-A80D-6F727885B72C}.Release|Any CPU.ActiveCfg = Release|Any CPU
		{55C4033A-9620-401B-A80D-6F727885B72C}.Release|Any CPU.Build.0 = Release|Any CPU
		{4475B9A1-33AD-44E1-8CB4-447105E09E14}.Debug|Any CPU.ActiveCfg = Debug|Any CPU
		{4475B9A1-33AD-44E1-8CB4-447105E09E14}.Debug|Any CPU.Build.0 = Debug|Any CPU
		{4475B9A1-33AD-44E1-8CB4-447105E09E14}.Release|Any CPU.ActiveCfg = Release|Any CPU
		{4475B9A1-33AD-44E1-8CB4-447105E09E14}.Release|Any CPU.Build.0 = Release|Any CPU
	EndGlobalSection
	GlobalSection(SolutionProperties) = preSolution
		HideSolutionNode = FALSE
	EndGlobalSection
	GlobalSection(ExtensibilityGlobals) = postSolution
		SolutionGuid = {44CD7B4E-A87B-4782-B4C8-881526019C50}
	EndGlobalSection
EndGlobal
